// !$*UTF8*$!
{
	archiveVersion = 1;
	classes = {
	};
	objectVersion = 54;
	objects = {

/* Begin PBXBuildFile section */
		037A970A66DF2002A144B1C0 /* Pods_EGNSS4ALL.framework in Frameworks */ = {isa = PBXBuildFile; fileRef = 5F2B8FDDFB96DECBAD3AEB4C /* Pods_EGNSS4ALL.framework */; };
		49051E4E2567EBFA00FEB06D /* SEActiveCell.swift in Sources */ = {isa = PBXBuildFile; fileRef = 49051E4D2567EBFA00FEB06D /* SEActiveCell.swift */; };
		49051E542567EDB000FEB06D /* SECentroidSampleCell.swift in Sources */ = {isa = PBXBuildFile; fileRef = 49051E532567EDB000FEB06D /* SECentroidSampleCell.swift */; };
		49051E5A2567EF5300FEB06D /* SESetting.swift in Sources */ = {isa = PBXBuildFile; fileRef = 49051E592567EF5300FEB06D /* SESetting.swift */; };
		49355A582562F45000EA478F /* PhotoMKAnnotationView.swift in Sources */ = {isa = PBXBuildFile; fileRef = 49355A572562F45000EA478F /* PhotoMKAnnotationView.swift */; };
		49355A5B2563010400EA478F /* PhotoMapInfoView.xib in Resources */ = {isa = PBXBuildFile; fileRef = 49355A5A2563010400EA478F /* PhotoMapInfoView.xib */; };
		49355A5F256302CD00EA478F /* extensions.swift in Sources */ = {isa = PBXBuildFile; fileRef = 49355A5E256302CD00EA478F /* extensions.swift */; };
		495415312563340C0072510A /* PhotoMapInfoView.swift in Sources */ = {isa = PBXBuildFile; fileRef = 495415302563340C0072510A /* PhotoMapInfoView.swift */; };
		49556BB42562D03F00E4218A /* PhotoMKAnnotation.swift in Sources */ = {isa = PBXBuildFile; fileRef = 49556BB32562D03F00E4218A /* PhotoMKAnnotation.swift */; };
		496B73A12564C6F5009723BE /* AzimuthMKAnnotation.swift in Sources */ = {isa = PBXBuildFile; fileRef = 496B73A02564C6F5009723BE /* AzimuthMKAnnotation.swift */; };
		496B73A42564C7D5009723BE /* AzimuthMKAnnotationView.swift in Sources */ = {isa = PBXBuildFile; fileRef = 496B73A32564C7D5009723BE /* AzimuthMKAnnotationView.swift */; };
		499B6BB8256B129B0078AEE6 /* CHPoint.swift in Sources */ = {isa = PBXBuildFile; fileRef = 499B6BB7256B129B0078AEE6 /* CHPoint.swift */; };
		499B6BBC256B13A90078AEE6 /* CHQuickHull.swift in Sources */ = {isa = PBXBuildFile; fileRef = 499B6BBB256B13A90078AEE6 /* CHQuickHull.swift */; };
		499B6C18256B57480078AEE6 /* CHCluster.swift in Sources */ = {isa = PBXBuildFile; fileRef = 499B6C17256B57480078AEE6 /* CHCluster.swift */; };
		49AAE57B257045CF00A37C1B /* PathTrackTableViewController.swift in Sources */ = {isa = PBXBuildFile; fileRef = 49AAE57A257045CF00A37C1B /* PathTrackTableViewController.swift */; };
		49AAE5802571782E00A37C1B /* PTPointInfoView.xib in Resources */ = {isa = PBXBuildFile; fileRef = 49AAE57F2571782E00A37C1B /* PTPointInfoView.xib */; };
		49AAE58625717C0500A37C1B /* PTPath+CoreDataClass.swift in Sources */ = {isa = PBXBuildFile; fileRef = 49AAE58225717C0500A37C1B /* PTPath+CoreDataClass.swift */; };
		49AAE58825717C0500A37C1B /* PTPoint+CoreDataClass.swift in Sources */ = {isa = PBXBuildFile; fileRef = 49AAE58425717C0500A37C1B /* PTPoint+CoreDataClass.swift */; };
		49AAE59525755F8F00A37C1B /* PTManager.swift in Sources */ = {isa = PBXBuildFile; fileRef = 49AAE59425755F8F00A37C1B /* PTManager.swift */; };
		49AAE5982575645400A37C1B /* PTDrawer.swift in Sources */ = {isa = PBXBuildFile; fileRef = 49AAE5972575645400A37C1B /* PTDrawer.swift */; };
		49AAE59B257566D200A37C1B /* PTMKAnnotation.swift in Sources */ = {isa = PBXBuildFile; fileRef = 49AAE59A257566D200A37C1B /* PTMKAnnotation.swift */; };
		49AAE59E257567FB00A37C1B /* PTPointInfoView.swift in Sources */ = {isa = PBXBuildFile; fileRef = 49AAE59D257567FB00A37C1B /* PTPointInfoView.swift */; };
		49AAE5A12575699800A37C1B /* PTMKAnnotationView.swift in Sources */ = {isa = PBXBuildFile; fileRef = 49AAE5A02575699800A37C1B /* PTMKAnnotationView.swift */; };
		49AAE5B12578B1F600A37C1B /* PathTrackTableViewCell.swift in Sources */ = {isa = PBXBuildFile; fileRef = 49AAE5B02578B1F600A37C1B /* PathTrackTableViewCell.swift */; };
		49B32BB22569AC6F009240EE /* SEStorage.swift in Sources */ = {isa = PBXBuildFile; fileRef = 49B32BB12569AC6F009240EE /* SEStorage.swift */; };
		49B32BB52569ADE9009240EE /* PersistStorage.swift in Sources */ = {isa = PBXBuildFile; fileRef = 49B32BB42569ADE9009240EE /* PersistStorage.swift */; };
		49B32BBE2569E62B009240EE /* UserStorage.swift in Sources */ = {isa = PBXBuildFile; fileRef = 49B32BBD2569E62B009240EE /* UserStorage.swift */; };
		49B9EEA92567DBA600D21C82 /* SettingViewController.swift in Sources */ = {isa = PBXBuildFile; fileRef = 49B9EEA82567DBA600D21C82 /* SettingViewController.swift */; };
		49CA64D52561A33B00817406 /* PersistPhoto+CoreDataClass.swift in Sources */ = {isa = PBXBuildFile; fileRef = 49CA64D32561A33B00817406 /* PersistPhoto+CoreDataClass.swift */; };
		49CA64DA2561A3B100817406 /* DB.swift in Sources */ = {isa = PBXBuildFile; fileRef = 49CA64D92561A3B100817406 /* DB.swift */; };
		49F003A12565865400795C7C /* Weak.swift in Sources */ = {isa = PBXBuildFile; fileRef = 49F003A02565865400795C7C /* Weak.swift */; };
		611181B4260DC106006DC555 /* GalleryViewController.swift in Sources */ = {isa = PBXBuildFile; fileRef = 611181B3260DC106006DC555 /* GalleryViewController.swift */; };
		6117A00C260CAF9F007B0593 /* TaskViewController.swift in Sources */ = {isa = PBXBuildFile; fileRef = 6117A00B260CAF9F007B0593 /* TaskViewController.swift */; };
		611FE5812553FC0700063891 /* PhotoDetailViewController.swift in Sources */ = {isa = PBXBuildFile; fileRef = 611FE5802553FC0700063891 /* PhotoDetailViewController.swift */; };
		613A5E58255537DE007D82E5 /* PhotoModel.xcdatamodeld in Sources */ = {isa = PBXBuildFile; fileRef = 613A5E56255537DE007D82E5 /* PhotoModel.xcdatamodeld */; };
		6189FA17260B52790026F43F /* MainViewController.swift in Sources */ = {isa = PBXBuildFile; fileRef = 6189FA16260B52790026F43F /* MainViewController.swift */; };
		6189FA1F260B595E0026F43F /* TasksTableViewController.swift in Sources */ = {isa = PBXBuildFile; fileRef = 6189FA19260B57610026F43F /* TasksTableViewController.swift */; };
		6189FA41260B88E90026F43F /* PersistTask+CoreDataClass.swift in Sources */ = {isa = PBXBuildFile; fileRef = 6189FA40260B88E90026F43F /* PersistTask+CoreDataClass.swift */; };
		6189FA49260B996D0026F43F /* TasksTableViewCell.swift in Sources */ = {isa = PBXBuildFile; fileRef = 6189FA48260B996D0026F43F /* TasksTableViewCell.swift */; };
		61B3EC622552DF7500AB8AA6 /* PhotosTableViewController.swift in Sources */ = {isa = PBXBuildFile; fileRef = 61B3EC612552DF7500AB8AA6 /* PhotosTableViewController.swift */; };
		61B3EC672552E66000AB8AA6 /* PhotoTableViewCell.swift in Sources */ = {isa = PBXBuildFile; fileRef = 61B3EC662552E66000AB8AA6 /* PhotoTableViewCell.swift */; };
		61C3AC9E2551461F000CED80 /* AppDelegate.swift in Sources */ = {isa = PBXBuildFile; fileRef = 61C3AC9D2551461F000CED80 /* AppDelegate.swift */; };
		61C3ACA02551461F000CED80 /* SceneDelegate.swift in Sources */ = {isa = PBXBuildFile; fileRef = 61C3AC9F2551461F000CED80 /* SceneDelegate.swift */; };
		61C3ACA52551461F000CED80 /* Main.storyboard in Resources */ = {isa = PBXBuildFile; fileRef = 61C3ACA32551461F000CED80 /* Main.storyboard */; };
		61C3ACA72551461F000CED80 /* Assets.xcassets in Resources */ = {isa = PBXBuildFile; fileRef = 61C3ACA62551461F000CED80 /* Assets.xcassets */; };
		61C3ACAA2551461F000CED80 /* LaunchScreen.storyboard in Resources */ = {isa = PBXBuildFile; fileRef = 61C3ACA82551461F000CED80 /* LaunchScreen.storyboard */; };
		61C3ACB325514F31000CED80 /* LoginViewController.swift in Sources */ = {isa = PBXBuildFile; fileRef = 61C3ACB225514F31000CED80 /* LoginViewController.swift */; };
		61C4DA9C2552D784003540DE /* MapViewController.swift in Sources */ = {isa = PBXBuildFile; fileRef = 61C4DA9B2552D784003540DE /* MapViewController.swift */; };
		61CB59C625595CDD00AB9B97 /* CameraViewController.swift in Sources */ = {isa = PBXBuildFile; fileRef = 61CB59C525595CDD00AB9B97 /* CameraViewController.swift */; };
		61CFFC18255EE0790009554D /* PhotoDataController.swift in Sources */ = {isa = PBXBuildFile; fileRef = 61CFFC17255EE0790009554D /* PhotoDataController.swift */; };
		61CFFC1C255EE0E10009554D /* Util.swift in Sources */ = {isa = PBXBuildFile; fileRef = 61CFFC1B255EE0E10009554D /* Util.swift */; };
		61DB65CE26415A07001DF7EB /* SETrackingIntervalCell.swift in Sources */ = {isa = PBXBuildFile; fileRef = 61DB65CD26415A07001DF7EB /* SETrackingIntervalCell.swift */; };
		61DDD8992591EA470080019F /* AboutViewController.swift in Sources */ = {isa = PBXBuildFile; fileRef = 61DDD8982591EA470080019F /* AboutViewController.swift */; };
		E00925E728E215AB00B2739B /* alertVC.swift in Sources */ = {isa = PBXBuildFile; fileRef = E00925E628E215AB00B2739B /* alertVC.swift */; };
		E01E6F002844B9C30034C02D /* SkyViewVC.swift in Sources */ = {isa = PBXBuildFile; fileRef = E01E6EFF2844B9C30034C02D /* SkyViewVC.swift */; };
		E050B93D2AD4535100F805B3 /* egnss4all_anitest.json in Resources */ = {isa = PBXBuildFile; fileRef = E050B93C2AD4535100F805B3 /* egnss4all_anitest.json */; };
		E08E89912AD811F900DA2D86 /* PDFCreator.swift in Sources */ = {isa = PBXBuildFile; fileRef = E08E89902AD811F900DA2D86 /* PDFCreator.swift */; };
		E0A01E452B7380FF00AB5A6C /* Network.swift in Sources */ = {isa = PBXBuildFile; fileRef = E0A01E442B7380FF00AB5A6C /* Network.swift */; };
		E0AFE5492847DE9400FF5DBD /* circleView.swift in Sources */ = {isa = PBXBuildFile; fileRef = E0AFE5482847DE9400FF5DBD /* circleView.swift */; };
		E0C6ECEE2A499A8F00CE0F4B /* selectServerVC.swift in Sources */ = {isa = PBXBuildFile; fileRef = E0C6ECED2A499A8F00CE0F4B /* selectServerVC.swift */; };
		E0D76800284E597F001DE921 /* Satellite.swift in Sources */ = {isa = PBXBuildFile; fileRef = E0D767FF284E597E001DE921 /* Satellite.swift */; };
		E0D76802284E5AC4001DE921 /* NetworkService.swift in Sources */ = {isa = PBXBuildFile; fileRef = E0D76801284E5AC4001DE921 /* NetworkService.swift */; };
		E0E5D2DF28D9F7250028CCDD /* Alerts.storyboard in Resources */ = {isa = PBXBuildFile; fileRef = E0E5D2DE28D9F7250028CCDD /* Alerts.storyboard */; };
		E0E5D2E128D9F78E0028CCDD /* alertPickerVC.swift in Sources */ = {isa = PBXBuildFile; fileRef = E0E5D2E028D9F78E0028CCDD /* alertPickerVC.swift */; };
		E0F41C46284F902A00E8E302 /* activeGPSCell.swift in Sources */ = {isa = PBXBuildFile; fileRef = E0F41C45284F902A00E8E302 /* activeGPSCell.swift */; };
/* End PBXBuildFile section */

/* Begin PBXFileReference section */
		0E967314A56C904F1C43FA13 /* Pods-EGNSS4ALL.release.xcconfig */ = {isa = PBXFileReference; includeInIndex = 1; lastKnownFileType = text.xcconfig; name = "Pods-EGNSS4ALL.release.xcconfig"; path = "Target Support Files/Pods-EGNSS4ALL/Pods-EGNSS4ALL.release.xcconfig"; sourceTree = "<group>"; };
		461279B36028DD6A7824FEDA /* Pods-EGNSS4ALL.debug.xcconfig */ = {isa = PBXFileReference; includeInIndex = 1; lastKnownFileType = text.xcconfig; name = "Pods-EGNSS4ALL.debug.xcconfig"; path = "Target Support Files/Pods-EGNSS4ALL/Pods-EGNSS4ALL.debug.xcconfig"; sourceTree = "<group>"; };
		49051E4D2567EBFA00FEB06D /* SEActiveCell.swift */ = {isa = PBXFileReference; lastKnownFileType = sourcecode.swift; path = SEActiveCell.swift; sourceTree = "<group>"; };
		49051E532567EDB000FEB06D /* SECentroidSampleCell.swift */ = {isa = PBXFileReference; lastKnownFileType = sourcecode.swift; path = SECentroidSampleCell.swift; sourceTree = "<group>"; };
		49051E592567EF5300FEB06D /* SESetting.swift */ = {isa = PBXFileReference; lastKnownFileType = sourcecode.swift; path = SESetting.swift; sourceTree = "<group>"; };
		49355A572562F45000EA478F /* PhotoMKAnnotationView.swift */ = {isa = PBXFileReference; lastKnownFileType = sourcecode.swift; path = PhotoMKAnnotationView.swift; sourceTree = "<group>"; };
		49355A5A2563010400EA478F /* PhotoMapInfoView.xib */ = {isa = PBXFileReference; lastKnownFileType = file.xib; path = PhotoMapInfoView.xib; sourceTree = "<group>"; };
		49355A5E256302CD00EA478F /* extensions.swift */ = {isa = PBXFileReference; lastKnownFileType = sourcecode.swift; path = extensions.swift; sourceTree = "<group>"; };
		4940402A257A1872004A57F3 /* static1.gpx */ = {isa = PBXFileReference; lastKnownFileType = text; path = static1.gpx; sourceTree = "<group>"; };
		495415302563340C0072510A /* PhotoMapInfoView.swift */ = {isa = PBXFileReference; lastKnownFileType = sourcecode.swift; path = PhotoMapInfoView.swift; sourceTree = "<group>"; };
		49556BB32562D03F00E4218A /* PhotoMKAnnotation.swift */ = {isa = PBXFileReference; lastKnownFileType = sourcecode.swift; path = PhotoMKAnnotation.swift; sourceTree = "<group>"; };
		496B73A02564C6F5009723BE /* AzimuthMKAnnotation.swift */ = {isa = PBXFileReference; lastKnownFileType = sourcecode.swift; path = AzimuthMKAnnotation.swift; sourceTree = "<group>"; };
		496B73A32564C7D5009723BE /* AzimuthMKAnnotationView.swift */ = {isa = PBXFileReference; lastKnownFileType = sourcecode.swift; path = AzimuthMKAnnotationView.swift; sourceTree = "<group>"; };
		499B6BB7256B129B0078AEE6 /* CHPoint.swift */ = {isa = PBXFileReference; lastKnownFileType = sourcecode.swift; path = CHPoint.swift; sourceTree = "<group>"; };
		499B6BBB256B13A90078AEE6 /* CHQuickHull.swift */ = {isa = PBXFileReference; lastKnownFileType = sourcecode.swift; path = CHQuickHull.swift; sourceTree = "<group>"; };
		499B6C17256B57480078AEE6 /* CHCluster.swift */ = {isa = PBXFileReference; lastKnownFileType = sourcecode.swift; path = CHCluster.swift; sourceTree = "<group>"; };
		49AAE57A257045CF00A37C1B /* PathTrackTableViewController.swift */ = {isa = PBXFileReference; lastKnownFileType = sourcecode.swift; path = PathTrackTableViewController.swift; sourceTree = "<group>"; };
		49AAE57F2571782E00A37C1B /* PTPointInfoView.xib */ = {isa = PBXFileReference; lastKnownFileType = file.xib; path = PTPointInfoView.xib; sourceTree = "<group>"; };
		49AAE58225717C0500A37C1B /* PTPath+CoreDataClass.swift */ = {isa = PBXFileReference; lastKnownFileType = sourcecode.swift; path = "PTPath+CoreDataClass.swift"; sourceTree = "<group>"; };
		49AAE58425717C0500A37C1B /* PTPoint+CoreDataClass.swift */ = {isa = PBXFileReference; lastKnownFileType = sourcecode.swift; path = "PTPoint+CoreDataClass.swift"; sourceTree = "<group>"; };
		49AAE5912571D05600A37C1B /* area1.gpx */ = {isa = PBXFileReference; lastKnownFileType = text; path = area1.gpx; sourceTree = "<group>"; };
		49AAE59425755F8F00A37C1B /* PTManager.swift */ = {isa = PBXFileReference; lastKnownFileType = sourcecode.swift; path = PTManager.swift; sourceTree = "<group>"; };
		49AAE5972575645400A37C1B /* PTDrawer.swift */ = {isa = PBXFileReference; lastKnownFileType = sourcecode.swift; path = PTDrawer.swift; sourceTree = "<group>"; };
		49AAE59A257566D200A37C1B /* PTMKAnnotation.swift */ = {isa = PBXFileReference; lastKnownFileType = sourcecode.swift; path = PTMKAnnotation.swift; sourceTree = "<group>"; };
		49AAE59D257567FB00A37C1B /* PTPointInfoView.swift */ = {isa = PBXFileReference; lastKnownFileType = sourcecode.swift; path = PTPointInfoView.swift; sourceTree = "<group>"; };
		49AAE5A02575699800A37C1B /* PTMKAnnotationView.swift */ = {isa = PBXFileReference; lastKnownFileType = sourcecode.swift; path = PTMKAnnotationView.swift; sourceTree = "<group>"; };
		49AAE5B02578B1F600A37C1B /* PathTrackTableViewCell.swift */ = {isa = PBXFileReference; lastKnownFileType = sourcecode.swift; path = PathTrackTableViewCell.swift; sourceTree = "<group>"; };
		49B32BB12569AC6F009240EE /* SEStorage.swift */ = {isa = PBXFileReference; lastKnownFileType = sourcecode.swift; path = SEStorage.swift; sourceTree = "<group>"; };
		49B32BB42569ADE9009240EE /* PersistStorage.swift */ = {isa = PBXFileReference; lastKnownFileType = sourcecode.swift; path = PersistStorage.swift; sourceTree = "<group>"; };
		49B32BBD2569E62B009240EE /* UserStorage.swift */ = {isa = PBXFileReference; lastKnownFileType = sourcecode.swift; path = UserStorage.swift; sourceTree = "<group>"; };
		49B9EEA82567DBA600D21C82 /* SettingViewController.swift */ = {isa = PBXFileReference; lastKnownFileType = sourcecode.swift; path = SettingViewController.swift; sourceTree = "<group>"; };
		49CA64D32561A33B00817406 /* PersistPhoto+CoreDataClass.swift */ = {isa = PBXFileReference; lastKnownFileType = sourcecode.swift; path = "PersistPhoto+CoreDataClass.swift"; sourceTree = "<group>"; };
		49CA64D92561A3B100817406 /* DB.swift */ = {isa = PBXFileReference; lastKnownFileType = sourcecode.swift; path = DB.swift; sourceTree = "<group>"; };
		49F003A02565865400795C7C /* Weak.swift */ = {isa = PBXFileReference; lastKnownFileType = sourcecode.swift; path = Weak.swift; sourceTree = "<group>"; };
		5F2B8FDDFB96DECBAD3AEB4C /* Pods_EGNSS4ALL.framework */ = {isa = PBXFileReference; explicitFileType = wrapper.framework; includeInIndex = 0; path = Pods_EGNSS4ALL.framework; sourceTree = BUILT_PRODUCTS_DIR; };
		611181B3260DC106006DC555 /* GalleryViewController.swift */ = {isa = PBXFileReference; lastKnownFileType = sourcecode.swift; path = GalleryViewController.swift; sourceTree = "<group>"; };
		6117A00B260CAF9F007B0593 /* TaskViewController.swift */ = {isa = PBXFileReference; lastKnownFileType = sourcecode.swift; path = TaskViewController.swift; sourceTree = "<group>"; };
		611FE5802553FC0700063891 /* PhotoDetailViewController.swift */ = {isa = PBXFileReference; lastKnownFileType = sourcecode.swift; path = PhotoDetailViewController.swift; sourceTree = "<group>"; };
		613A5E57255537DE007D82E5 /* PhotoModel.xcdatamodel */ = {isa = PBXFileReference; lastKnownFileType = wrapper.xcdatamodel; path = PhotoModel.xcdatamodel; sourceTree = "<group>"; };
		6189FA16260B52790026F43F /* MainViewController.swift */ = {isa = PBXFileReference; lastKnownFileType = sourcecode.swift; path = MainViewController.swift; sourceTree = "<group>"; };
		6189FA19260B57610026F43F /* TasksTableViewController.swift */ = {isa = PBXFileReference; lastKnownFileType = sourcecode.swift; path = TasksTableViewController.swift; sourceTree = "<group>"; };
		6189FA40260B88E90026F43F /* PersistTask+CoreDataClass.swift */ = {isa = PBXFileReference; lastKnownFileType = sourcecode.swift; path = "PersistTask+CoreDataClass.swift"; sourceTree = "<group>"; };
		6189FA48260B996D0026F43F /* TasksTableViewCell.swift */ = {isa = PBXFileReference; lastKnownFileType = sourcecode.swift; path = TasksTableViewCell.swift; sourceTree = "<group>"; };
		61B3EC612552DF7500AB8AA6 /* PhotosTableViewController.swift */ = {isa = PBXFileReference; lastKnownFileType = sourcecode.swift; path = PhotosTableViewController.swift; sourceTree = "<group>"; };
		61B3EC662552E66000AB8AA6 /* PhotoTableViewCell.swift */ = {isa = PBXFileReference; lastKnownFileType = sourcecode.swift; path = PhotoTableViewCell.swift; sourceTree = "<group>"; };
		61C3AC9A2551461F000CED80 /* EGNSS4ALL.app */ = {isa = PBXFileReference; explicitFileType = wrapper.application; includeInIndex = 0; path = EGNSS4ALL.app; sourceTree = BUILT_PRODUCTS_DIR; };
		61C3AC9D2551461F000CED80 /* AppDelegate.swift */ = {isa = PBXFileReference; lastKnownFileType = sourcecode.swift; path = AppDelegate.swift; sourceTree = "<group>"; };
		61C3AC9F2551461F000CED80 /* SceneDelegate.swift */ = {isa = PBXFileReference; lastKnownFileType = sourcecode.swift; path = SceneDelegate.swift; sourceTree = "<group>"; };
		61C3ACA42551461F000CED80 /* Base */ = {isa = PBXFileReference; lastKnownFileType = file.storyboard; name = Base; path = Base.lproj/Main.storyboard; sourceTree = "<group>"; };
		61C3ACA62551461F000CED80 /* Assets.xcassets */ = {isa = PBXFileReference; lastKnownFileType = folder.assetcatalog; path = Assets.xcassets; sourceTree = "<group>"; };
		61C3ACA92551461F000CED80 /* Base */ = {isa = PBXFileReference; lastKnownFileType = file.storyboard; name = Base; path = Base.lproj/LaunchScreen.storyboard; sourceTree = "<group>"; };
		61C3ACAB2551461F000CED80 /* Info.plist */ = {isa = PBXFileReference; lastKnownFileType = text.plist.xml; path = Info.plist; sourceTree = "<group>"; };
		61C3ACB225514F31000CED80 /* LoginViewController.swift */ = {isa = PBXFileReference; lastKnownFileType = sourcecode.swift; path = LoginViewController.swift; sourceTree = "<group>"; };
		61C4DA9B2552D784003540DE /* MapViewController.swift */ = {isa = PBXFileReference; lastKnownFileType = sourcecode.swift; path = MapViewController.swift; sourceTree = "<group>"; };
		61CB59C525595CDD00AB9B97 /* CameraViewController.swift */ = {isa = PBXFileReference; lastKnownFileType = sourcecode.swift; path = CameraViewController.swift; sourceTree = "<group>"; };
		61CFFC17255EE0790009554D /* PhotoDataController.swift */ = {isa = PBXFileReference; lastKnownFileType = sourcecode.swift; path = PhotoDataController.swift; sourceTree = "<group>"; };
		61CFFC1B255EE0E10009554D /* Util.swift */ = {isa = PBXFileReference; lastKnownFileType = sourcecode.swift; path = Util.swift; sourceTree = "<group>"; };
		61DB65CD26415A07001DF7EB /* SETrackingIntervalCell.swift */ = {isa = PBXFileReference; lastKnownFileType = sourcecode.swift; path = SETrackingIntervalCell.swift; sourceTree = "<group>"; };
		61DDD8982591EA470080019F /* AboutViewController.swift */ = {isa = PBXFileReference; lastKnownFileType = sourcecode.swift; path = AboutViewController.swift; sourceTree = "<group>"; };
		E00925E628E215AB00B2739B /* alertVC.swift */ = {isa = PBXFileReference; fileEncoding = 4; lastKnownFileType = sourcecode.swift; path = alertVC.swift; sourceTree = "<group>"; };
		E01E6EFF2844B9C30034C02D /* SkyViewVC.swift */ = {isa = PBXFileReference; lastKnownFileType = sourcecode.swift; path = SkyViewVC.swift; sourceTree = "<group>"; };
		E050B93C2AD4535100F805B3 /* egnss4all_anitest.json */ = {isa = PBXFileReference; fileEncoding = 4; lastKnownFileType = text.json; path = egnss4all_anitest.json; sourceTree = "<group>"; };
		E08E89902AD811F900DA2D86 /* PDFCreator.swift */ = {isa = PBXFileReference; fileEncoding = 4; lastKnownFileType = sourcecode.swift; path = PDFCreator.swift; sourceTree = "<group>"; };
		E0A01E442B7380FF00AB5A6C /* Network.swift */ = {isa = PBXFileReference; fileEncoding = 4; lastKnownFileType = sourcecode.swift; path = Network.swift; sourceTree = "<group>"; };
		E0AFE5482847DE9400FF5DBD /* circleView.swift */ = {isa = PBXFileReference; lastKnownFileType = sourcecode.swift; path = circleView.swift; sourceTree = "<group>"; };
		E0C6ECED2A499A8F00CE0F4B /* selectServerVC.swift */ = {isa = PBXFileReference; lastKnownFileType = sourcecode.swift; path = selectServerVC.swift; sourceTree = "<group>"; };
		E0D767FF284E597E001DE921 /* Satellite.swift */ = {isa = PBXFileReference; lastKnownFileType = sourcecode.swift; path = Satellite.swift; sourceTree = "<group>"; };
		E0D76801284E5AC4001DE921 /* NetworkService.swift */ = {isa = PBXFileReference; fileEncoding = 4; lastKnownFileType = sourcecode.swift; path = NetworkService.swift; sourceTree = "<group>"; };
		E0E5D2DE28D9F7250028CCDD /* Alerts.storyboard */ = {isa = PBXFileReference; fileEncoding = 4; lastKnownFileType = file.storyboard; path = Alerts.storyboard; sourceTree = "<group>"; };
		E0E5D2E028D9F78E0028CCDD /* alertPickerVC.swift */ = {isa = PBXFileReference; lastKnownFileType = sourcecode.swift; path = alertPickerVC.swift; sourceTree = "<group>"; };
		E0F41C45284F902A00E8E302 /* activeGPSCell.swift */ = {isa = PBXFileReference; lastKnownFileType = sourcecode.swift; path = activeGPSCell.swift; sourceTree = "<group>"; };
/* End PBXFileReference section */

/* Begin PBXFrameworksBuildPhase section */
		61C3AC972551461F000CED80 /* Frameworks */ = {
			isa = PBXFrameworksBuildPhase;
			buildActionMask = 2147483647;
			files = (
				037A970A66DF2002A144B1C0 /* Pods_EGNSS4ALL.framework in Frameworks */,
			);
			runOnlyForDeploymentPostprocessing = 0;
		};
/* End PBXFrameworksBuildPhase section */

/* Begin PBXGroup section */
		0AEC115169CD6C3D965533C5 /* Frameworks */ = {
			isa = PBXGroup;
			children = (
				5F2B8FDDFB96DECBAD3AEB4C /* Pods_EGNSS4ALL.framework */,
			);
			name = Frameworks;
			sourceTree = "<group>";
		};
		49051E4B2567EB3000FEB06D /* Setting */ = {
			isa = PBXGroup;
			children = (
				49B32BB12569AC6F009240EE /* SEStorage.swift */,
				49051E592567EF5300FEB06D /* SESetting.swift */,
				49051E4D2567EBFA00FEB06D /* SEActiveCell.swift */,
				49051E532567EDB000FEB06D /* SECentroidSampleCell.swift */,
				61DB65CD26415A07001DF7EB /* SETrackingIntervalCell.swift */,
				E0F41C45284F902A00E8E302 /* activeGPSCell.swift */,
			);
			path = Setting;
			sourceTree = "<group>";
		};
		49355A542562F36F00EA478F /* Map */ = {
			isa = PBXGroup;
			children = (
				49AAE58C25717C5000A37C1B /* Photos */,
				49AAE57E257177DC00A37C1B /* PathTracking */,
			);
			path = Map;
			sourceTree = "<group>";
		};
		499B6BB6256B12870078AEE6 /* ConvexHull */ = {
			isa = PBXGroup;
			children = (
				499B6BB7256B129B0078AEE6 /* CHPoint.swift */,
				499B6BBB256B13A90078AEE6 /* CHQuickHull.swift */,
				499B6C17256B57480078AEE6 /* CHCluster.swift */,
			);
			path = ConvexHull;
			sourceTree = "<group>";
		};
		49AAE57E257177DC00A37C1B /* PathTracking */ = {
			isa = PBXGroup;
			children = (
				49AAE5922571D06F00A37C1B /* Test */,
				49AAE58225717C0500A37C1B /* PTPath+CoreDataClass.swift */,
				49AAE58425717C0500A37C1B /* PTPoint+CoreDataClass.swift */,
				49AAE57F2571782E00A37C1B /* PTPointInfoView.xib */,
				49AAE59425755F8F00A37C1B /* PTManager.swift */,
				49AAE5972575645400A37C1B /* PTDrawer.swift */,
				49AAE59A257566D200A37C1B /* PTMKAnnotation.swift */,
				49AAE59D257567FB00A37C1B /* PTPointInfoView.swift */,
				49AAE5A02575699800A37C1B /* PTMKAnnotationView.swift */,
			);
			path = PathTracking;
			sourceTree = "<group>";
		};
		49AAE58C25717C5000A37C1B /* Photos */ = {
			isa = PBXGroup;
			children = (
				49556BB32562D03F00E4218A /* PhotoMKAnnotation.swift */,
				49355A572562F45000EA478F /* PhotoMKAnnotationView.swift */,
				495415302563340C0072510A /* PhotoMapInfoView.swift */,
				49355A5A2563010400EA478F /* PhotoMapInfoView.xib */,
				496B73A02564C6F5009723BE /* AzimuthMKAnnotation.swift */,
				496B73A32564C7D5009723BE /* AzimuthMKAnnotationView.swift */,
			);
			path = Photos;
			sourceTree = "<group>";
		};
		49AAE5922571D06F00A37C1B /* Test */ = {
			isa = PBXGroup;
			children = (
				4940402A257A1872004A57F3 /* static1.gpx */,
				49AAE5912571D05600A37C1B /* area1.gpx */,
			);
			path = Test;
			sourceTree = "<group>";
		};
		49CA64E02561A60800817406 /* DB */ = {
			isa = PBXGroup;
			children = (
				49CA64D92561A3B100817406 /* DB.swift */,
				49CA64D32561A33B00817406 /* PersistPhoto+CoreDataClass.swift */,
				6189FA40260B88E90026F43F /* PersistTask+CoreDataClass.swift */,
			);
			path = DB;
			sourceTree = "<group>";
		};
		61C3AC912551461F000CED80 = {
			isa = PBXGroup;
			children = (
				61C3AC9C2551461F000CED80 /* EGNSS4ALL */,
				61C3AC9B2551461F000CED80 /* Products */,
				7676F9DBCFBB4153CA27D20C /* Pods */,
				0AEC115169CD6C3D965533C5 /* Frameworks */,
			);
			sourceTree = "<group>";
		};
		61C3AC9B2551461F000CED80 /* Products */ = {
			isa = PBXGroup;
			children = (
				61C3AC9A2551461F000CED80 /* EGNSS4ALL.app */,
			);
			name = Products;
			sourceTree = "<group>";
		};
		61C3AC9C2551461F000CED80 /* EGNSS4ALL */ = {
			isa = PBXGroup;
			children = (
				E02CF41D284E443500EA189B /* Class */,
				E02CF41C284E441E00EA189B /* UIKit Extensions */,
				E02CF41B284E440900EA189B /* Cells */,
				E02CF41A284E43E300EA189B /* ViewControllers */,
				61CFFC1A255EE0890009554D /* Model */,
				61C3AC9D2551461F000CED80 /* AppDelegate.swift */,
				61C3AC9F2551461F000CED80 /* SceneDelegate.swift */,
				E0E5D2DE28D9F7250028CCDD /* Alerts.storyboard */,
				61C3ACA32551461F000CED80 /* Main.storyboard */,
				61C3ACA62551461F000CED80 /* Assets.xcassets */,
				61C3ACA82551461F000CED80 /* LaunchScreen.storyboard */,
				61C3ACAB2551461F000CED80 /* Info.plist */,
				613A5E56255537DE007D82E5 /* PhotoModel.xcdatamodeld */,
			);
			path = EGNSS4ALL;
			sourceTree = "<group>";
		};
		61CFFC1A255EE0890009554D /* Model */ = {
			isa = PBXGroup;
			children = (
				499B6BB6256B12870078AEE6 /* ConvexHull */,
				49051E4B2567EB3000FEB06D /* Setting */,
				49CA64E02561A60800817406 /* DB */,
				49355A542562F36F00EA478F /* Map */,
				49B32BB42569ADE9009240EE /* PersistStorage.swift */,
				61CFFC1B255EE0E10009554D /* Util.swift */,
				49F003A02565865400795C7C /* Weak.swift */,
				61CFFC17255EE0790009554D /* PhotoDataController.swift */,
				49B32BBD2569E62B009240EE /* UserStorage.swift */,
			);
			path = Model;
			sourceTree = "<group>";
		};
		7676F9DBCFBB4153CA27D20C /* Pods */ = {
			isa = PBXGroup;
			children = (
				461279B36028DD6A7824FEDA /* Pods-EGNSS4ALL.debug.xcconfig */,
				0E967314A56C904F1C43FA13 /* Pods-EGNSS4ALL.release.xcconfig */,
			);
			path = Pods;
			sourceTree = "<group>";
		};
		E02CF41A284E43E300EA189B /* ViewControllers */ = {
			isa = PBXGroup;
			children = (
				6189FA19260B57610026F43F /* TasksTableViewController.swift */,
				6189FA48260B996D0026F43F /* TasksTableViewCell.swift */,
				6117A00B260CAF9F007B0593 /* TaskViewController.swift */,
				611181B3260DC106006DC555 /* GalleryViewController.swift */,
				61CB59C525595CDD00AB9B97 /* CameraViewController.swift */,
				61C4DA9B2552D784003540DE /* MapViewController.swift */,
				49B9EEA82567DBA600D21C82 /* SettingViewController.swift */,
				61DDD8982591EA470080019F /* AboutViewController.swift */,
				49AAE57A257045CF00A37C1B /* PathTrackTableViewController.swift */,
				E01E6EFF2844B9C30034C02D /* SkyViewVC.swift */,
				61C3ACB225514F31000CED80 /* LoginViewController.swift */,
				6189FA16260B52790026F43F /* MainViewController.swift */,
				61B3EC612552DF7500AB8AA6 /* PhotosTableViewController.swift */,
				61B3EC662552E66000AB8AA6 /* PhotoTableViewCell.swift */,
				611FE5802553FC0700063891 /* PhotoDetailViewController.swift */,
				E0E5D2E028D9F78E0028CCDD /* alertPickerVC.swift */,
				E00925E628E215AB00B2739B /* alertVC.swift */,
				E0C6ECED2A499A8F00CE0F4B /* selectServerVC.swift */,
			);
			path = ViewControllers;
			sourceTree = "<group>";
		};
		E02CF41B284E440900EA189B /* Cells */ = {
			isa = PBXGroup;
			children = (
				49AAE5B02578B1F600A37C1B /* PathTrackTableViewCell.swift */,
			);
			path = Cells;
			sourceTree = "<group>";
		};
		E02CF41C284E441E00EA189B /* UIKit Extensions */ = {
			isa = PBXGroup;
			children = (
				E08E89902AD811F900DA2D86 /* PDFCreator.swift */,
				E050B93C2AD4535100F805B3 /* egnss4all_anitest.json */,
				E0D76801284E5AC4001DE921 /* NetworkService.swift */,
				E0AFE5482847DE9400FF5DBD /* circleView.swift */,
				49355A5E256302CD00EA478F /* extensions.swift */,
			);
			path = "UIKit Extensions";
			sourceTree = "<group>";
		};
		E02CF41D284E443500EA189B /* Class */ = {
			isa = PBXGroup;
			children = (
				E0A01E442B7380FF00AB5A6C /* Network.swift */,
				E0D767FF284E597E001DE921 /* Satellite.swift */,
			);
			path = Class;
			sourceTree = "<group>";
		};
/* End PBXGroup section */

/* Begin PBXNativeTarget section */
		61C3AC992551461F000CED80 /* EGNSS4ALL */ = {
			isa = PBXNativeTarget;
			buildConfigurationList = 61C3ACAE2551461F000CED80 /* Build configuration list for PBXNativeTarget "EGNSS4ALL" */;
			buildPhases = (
				64EC00648C871D7F2F0CFCA7 /* [CP] Check Pods Manifest.lock */,
				61C3AC962551461F000CED80 /* Sources */,
				61C3AC972551461F000CED80 /* Frameworks */,
				61C3AC982551461F000CED80 /* Resources */,
				9DFBD622E5910C9A41483763 /* [CP] Embed Pods Frameworks */,
			);
			buildRules = (
			);
			dependencies = (
			);
			name = EGNSS4ALL;
			productName = EGNSS4CAP;
			productReference = 61C3AC9A2551461F000CED80 /* EGNSS4ALL.app */;
			productType = "com.apple.product-type.application";
		};
/* End PBXNativeTarget section */

/* Begin PBXProject section */
		61C3AC922551461F000CED80 /* Project object */ = {
			isa = PBXProject;
			attributes = {
				KnownAssetTags = (
					1,
					ded,
					stackView,
				);
				LastSwiftUpdateCheck = 1210;
				LastUpgradeCheck = 1210;
				TargetAttributes = {
					61C3AC992551461F000CED80 = {
						CreatedOnToolsVersion = 12.1;
					};
				};
			};
			buildConfigurationList = 61C3AC952551461F000CED80 /* Build configuration list for PBXProject "EGNSS4ALL" */;
			compatibilityVersion = "Xcode 9.3";
			developmentRegion = en;
			hasScannedForEncodings = 0;
			knownRegions = (
				en,
				Base,
			);
			mainGroup = 61C3AC912551461F000CED80;
			productRefGroup = 61C3AC9B2551461F000CED80 /* Products */;
			projectDirPath = "";
			projectRoot = "";
			targets = (
				61C3AC992551461F000CED80 /* EGNSS4ALL */,
			);
		};
/* End PBXProject section */

/* Begin PBXResourcesBuildPhase section */
		61C3AC982551461F000CED80 /* Resources */ = {
			isa = PBXResourcesBuildPhase;
			buildActionMask = 2147483647;
			files = (
				61C3ACAA2551461F000CED80 /* LaunchScreen.storyboard in Resources */,
				49355A5B2563010400EA478F /* PhotoMapInfoView.xib in Resources */,
				49AAE5802571782E00A37C1B /* PTPointInfoView.xib in Resources */,
				61C3ACA72551461F000CED80 /* Assets.xcassets in Resources */,
				61C3ACA52551461F000CED80 /* Main.storyboard in Resources */,
				E0E5D2DF28D9F7250028CCDD /* Alerts.storyboard in Resources */,
				E050B93D2AD4535100F805B3 /* egnss4all_anitest.json in Resources */,
			);
			runOnlyForDeploymentPostprocessing = 0;
		};
/* End PBXResourcesBuildPhase section */

/* Begin PBXShellScriptBuildPhase section */
		64EC00648C871D7F2F0CFCA7 /* [CP] Check Pods Manifest.lock */ = {
			isa = PBXShellScriptBuildPhase;
			buildActionMask = 2147483647;
			files = (
			);
			inputFileListPaths = (
			);
			inputPaths = (
				"${PODS_PODFILE_DIR_PATH}/Podfile.lock",
				"${PODS_ROOT}/Manifest.lock",
			);
			name = "[CP] Check Pods Manifest.lock";
			outputFileListPaths = (
			);
			outputPaths = (
				"$(DERIVED_FILE_DIR)/Pods-EGNSS4ALL-checkManifestLockResult.txt",
			);
			runOnlyForDeploymentPostprocessing = 0;
			shellPath = /bin/sh;
			shellScript = "diff \"${PODS_PODFILE_DIR_PATH}/Podfile.lock\" \"${PODS_ROOT}/Manifest.lock\" > /dev/null\nif [ $? != 0 ] ; then\n    # print error to STDERR\n    echo \"error: The sandbox is not in sync with the Podfile.lock. Run 'pod install' or update your CocoaPods installation.\" >&2\n    exit 1\nfi\n# This output is used by Xcode 'outputs' to avoid re-running this script phase.\necho \"SUCCESS\" > \"${SCRIPT_OUTPUT_FILE_0}\"\n";
			showEnvVarsInLog = 0;
		};
		9DFBD622E5910C9A41483763 /* [CP] Embed Pods Frameworks */ = {
			isa = PBXShellScriptBuildPhase;
			buildActionMask = 2147483647;
			files = (
			);
			inputFileListPaths = (
				"${PODS_ROOT}/Target Support Files/Pods-EGNSS4ALL/Pods-EGNSS4ALL-frameworks-${CONFIGURATION}-input-files.xcfilelist",
			);
			name = "[CP] Embed Pods Frameworks";
			outputFileListPaths = (
				"${PODS_ROOT}/Target Support Files/Pods-EGNSS4ALL/Pods-EGNSS4ALL-frameworks-${CONFIGURATION}-output-files.xcfilelist",
			);
			runOnlyForDeploymentPostprocessing = 0;
			shellPath = /bin/sh;
			shellScript = "\"${PODS_ROOT}/Target Support Files/Pods-EGNSS4ALL/Pods-EGNSS4ALL-frameworks.sh\"\n";
			showEnvVarsInLog = 0;
		};
/* End PBXShellScriptBuildPhase section */

/* Begin PBXSourcesBuildPhase section */
		61C3AC962551461F000CED80 /* Sources */ = {
			isa = PBXSourcesBuildPhase;
			buildActionMask = 2147483647;
			files = (
				499B6BBC256B13A90078AEE6 /* CHQuickHull.swift in Sources */,
				49CA64D52561A33B00817406 /* PersistPhoto+CoreDataClass.swift in Sources */,
				49B9EEA92567DBA600D21C82 /* SettingViewController.swift in Sources */,
				49355A5F256302CD00EA478F /* extensions.swift in Sources */,
				61CFFC18255EE0790009554D /* PhotoDataController.swift in Sources */,
				E00925E728E215AB00B2739B /* alertVC.swift in Sources */,
				499B6C18256B57480078AEE6 /* CHCluster.swift in Sources */,
				61DB65CE26415A07001DF7EB /* SETrackingIntervalCell.swift in Sources */,
				49AAE5982575645400A37C1B /* PTDrawer.swift in Sources */,
				49AAE58625717C0500A37C1B /* PTPath+CoreDataClass.swift in Sources */,
				49B32BBE2569E62B009240EE /* UserStorage.swift in Sources */,
				49AAE59E257567FB00A37C1B /* PTPointInfoView.swift in Sources */,
				E0D76800284E597F001DE921 /* Satellite.swift in Sources */,
				49051E4E2567EBFA00FEB06D /* SEActiveCell.swift in Sources */,
				61B3EC672552E66000AB8AA6 /* PhotoTableViewCell.swift in Sources */,
				6189FA1F260B595E0026F43F /* TasksTableViewController.swift in Sources */,
				61CB59C625595CDD00AB9B97 /* CameraViewController.swift in Sources */,
				61C3ACB325514F31000CED80 /* LoginViewController.swift in Sources */,
				49B32BB52569ADE9009240EE /* PersistStorage.swift in Sources */,
				49AAE58825717C0500A37C1B /* PTPoint+CoreDataClass.swift in Sources */,
				6117A00C260CAF9F007B0593 /* TaskViewController.swift in Sources */,
				499B6BB8256B129B0078AEE6 /* CHPoint.swift in Sources */,
				611181B4260DC106006DC555 /* GalleryViewController.swift in Sources */,
				E0D76802284E5AC4001DE921 /* NetworkService.swift in Sources */,
				49AAE59B257566D200A37C1B /* PTMKAnnotation.swift in Sources */,
				E0C6ECEE2A499A8F00CE0F4B /* selectServerVC.swift in Sources */,
				61C3AC9E2551461F000CED80 /* AppDelegate.swift in Sources */,
				E0AFE5492847DE9400FF5DBD /* circleView.swift in Sources */,
				61C4DA9C2552D784003540DE /* MapViewController.swift in Sources */,
				49AAE59525755F8F00A37C1B /* PTManager.swift in Sources */,
				61CFFC1C255EE0E10009554D /* Util.swift in Sources */,
				E0E5D2E128D9F78E0028CCDD /* alertPickerVC.swift in Sources */,
				49AAE5A12575699800A37C1B /* PTMKAnnotationView.swift in Sources */,
				613A5E58255537DE007D82E5 /* PhotoModel.xcdatamodeld in Sources */,
				49B32BB22569AC6F009240EE /* SEStorage.swift in Sources */,
				611FE5812553FC0700063891 /* PhotoDetailViewController.swift in Sources */,
				495415312563340C0072510A /* PhotoMapInfoView.swift in Sources */,
				6189FA41260B88E90026F43F /* PersistTask+CoreDataClass.swift in Sources */,
				61C3ACA02551461F000CED80 /* SceneDelegate.swift in Sources */,
				496B73A12564C6F5009723BE /* AzimuthMKAnnotation.swift in Sources */,
				61B3EC622552DF7500AB8AA6 /* PhotosTableViewController.swift in Sources */,
				6189FA49260B996D0026F43F /* TasksTableViewCell.swift in Sources */,
				49F003A12565865400795C7C /* Weak.swift in Sources */,
				E01E6F002844B9C30034C02D /* SkyViewVC.swift in Sources */,
				49AAE57B257045CF00A37C1B /* PathTrackTableViewController.swift in Sources */,
				E08E89912AD811F900DA2D86 /* PDFCreator.swift in Sources */,
				496B73A42564C7D5009723BE /* AzimuthMKAnnotationView.swift in Sources */,
				61DDD8992591EA470080019F /* AboutViewController.swift in Sources */,
				6189FA17260B52790026F43F /* MainViewController.swift in Sources */,
				49051E5A2567EF5300FEB06D /* SESetting.swift in Sources */,
				E0A01E452B7380FF00AB5A6C /* Network.swift in Sources */,
				49051E542567EDB000FEB06D /* SECentroidSampleCell.swift in Sources */,
				49AAE5B12578B1F600A37C1B /* PathTrackTableViewCell.swift in Sources */,
				E0F41C46284F902A00E8E302 /* activeGPSCell.swift in Sources */,
				49CA64DA2561A3B100817406 /* DB.swift in Sources */,
				49355A582562F45000EA478F /* PhotoMKAnnotationView.swift in Sources */,
				49556BB42562D03F00E4218A /* PhotoMKAnnotation.swift in Sources */,
			);
			runOnlyForDeploymentPostprocessing = 0;
		};
/* End PBXSourcesBuildPhase section */

/* Begin PBXVariantGroup section */
		61C3ACA32551461F000CED80 /* Main.storyboard */ = {
			isa = PBXVariantGroup;
			children = (
				61C3ACA42551461F000CED80 /* Base */,
			);
			name = Main.storyboard;
			sourceTree = "<group>";
		};
		61C3ACA82551461F000CED80 /* LaunchScreen.storyboard */ = {
			isa = PBXVariantGroup;
			children = (
				61C3ACA92551461F000CED80 /* Base */,
			);
			name = LaunchScreen.storyboard;
			sourceTree = "<group>";
		};
/* End PBXVariantGroup section */

/* Begin XCBuildConfiguration section */
		61C3ACAC2551461F000CED80 /* Debug */ = {
			isa = XCBuildConfiguration;
			buildSettings = {
				ALWAYS_SEARCH_USER_PATHS = NO;
				CLANG_ANALYZER_NONNULL = YES;
				CLANG_ANALYZER_NUMBER_OBJECT_CONVERSION = YES_AGGRESSIVE;
				CLANG_CXX_LANGUAGE_STANDARD = "gnu++14";
				CLANG_CXX_LIBRARY = "libc++";
				CLANG_ENABLE_MODULES = YES;
				CLANG_ENABLE_OBJC_ARC = YES;
				CLANG_ENABLE_OBJC_WEAK = YES;
				CLANG_WARN_BLOCK_CAPTURE_AUTORELEASING = YES;
				CLANG_WARN_BOOL_CONVERSION = YES;
				CLANG_WARN_COMMA = YES;
				CLANG_WARN_CONSTANT_CONVERSION = YES;
				CLANG_WARN_DEPRECATED_OBJC_IMPLEMENTATIONS = YES;
				CLANG_WARN_DIRECT_OBJC_ISA_USAGE = YES_ERROR;
				CLANG_WARN_DOCUMENTATION_COMMENTS = YES;
				CLANG_WARN_EMPTY_BODY = YES;
				CLANG_WARN_ENUM_CONVERSION = YES;
				CLANG_WARN_INFINITE_RECURSION = YES;
				CLANG_WARN_INT_CONVERSION = YES;
				CLANG_WARN_NON_LITERAL_NULL_CONVERSION = YES;
				CLANG_WARN_OBJC_IMPLICIT_RETAIN_SELF = YES;
				CLANG_WARN_OBJC_LITERAL_CONVERSION = YES;
				CLANG_WARN_OBJC_ROOT_CLASS = YES_ERROR;
				CLANG_WARN_QUOTED_INCLUDE_IN_FRAMEWORK_HEADER = YES;
				CLANG_WARN_RANGE_LOOP_ANALYSIS = YES;
				CLANG_WARN_STRICT_PROTOTYPES = YES;
				CLANG_WARN_SUSPICIOUS_MOVE = YES;
				CLANG_WARN_UNGUARDED_AVAILABILITY = YES_AGGRESSIVE;
				CLANG_WARN_UNREACHABLE_CODE = YES;
				CLANG_WARN__DUPLICATE_METHOD_MATCH = YES;
				COPY_PHASE_STRIP = NO;
				DEBUG_INFORMATION_FORMAT = dwarf;
				ENABLE_STRICT_OBJC_MSGSEND = YES;
				ENABLE_TESTABILITY = YES;
				GCC_C_LANGUAGE_STANDARD = gnu11;
				GCC_DYNAMIC_NO_PIC = NO;
				GCC_NO_COMMON_BLOCKS = YES;
				GCC_OPTIMIZATION_LEVEL = 0;
				GCC_PREPROCESSOR_DEFINITIONS = (
					"DEBUG=1",
					"$(inherited)",
				);
				GCC_WARN_64_TO_32_BIT_CONVERSION = YES;
				GCC_WARN_ABOUT_RETURN_TYPE = YES_ERROR;
				GCC_WARN_UNDECLARED_SELECTOR = YES;
				GCC_WARN_UNINITIALIZED_AUTOS = YES_AGGRESSIVE;
				GCC_WARN_UNUSED_FUNCTION = YES;
				GCC_WARN_UNUSED_VARIABLE = YES;
				IPHONEOS_DEPLOYMENT_TARGET = 13.0;
				MTL_ENABLE_DEBUG_INFO = INCLUDE_SOURCE;
				MTL_FAST_MATH = YES;
				ONLY_ACTIVE_ARCH = YES;
				SDKROOT = iphoneos;
				SWIFT_ACTIVE_COMPILATION_CONDITIONS = DEBUG;
				SWIFT_OPTIMIZATION_LEVEL = "-Onone";
			};
			name = Debug;
		};
		61C3ACAD2551461F000CED80 /* Release */ = {
			isa = XCBuildConfiguration;
			buildSettings = {
				ALWAYS_SEARCH_USER_PATHS = NO;
				CLANG_ANALYZER_NONNULL = YES;
				CLANG_ANALYZER_NUMBER_OBJECT_CONVERSION = YES_AGGRESSIVE;
				CLANG_CXX_LANGUAGE_STANDARD = "gnu++14";
				CLANG_CXX_LIBRARY = "libc++";
				CLANG_ENABLE_MODULES = YES;
				CLANG_ENABLE_OBJC_ARC = YES;
				CLANG_ENABLE_OBJC_WEAK = YES;
				CLANG_WARN_BLOCK_CAPTURE_AUTORELEASING = YES;
				CLANG_WARN_BOOL_CONVERSION = YES;
				CLANG_WARN_COMMA = YES;
				CLANG_WARN_CONSTANT_CONVERSION = YES;
				CLANG_WARN_DEPRECATED_OBJC_IMPLEMENTATIONS = YES;
				CLANG_WARN_DIRECT_OBJC_ISA_USAGE = YES_ERROR;
				CLANG_WARN_DOCUMENTATION_COMMENTS = YES;
				CLANG_WARN_EMPTY_BODY = YES;
				CLANG_WARN_ENUM_CONVERSION = YES;
				CLANG_WARN_INFINITE_RECURSION = YES;
				CLANG_WARN_INT_CONVERSION = YES;
				CLANG_WARN_NON_LITERAL_NULL_CONVERSION = YES;
				CLANG_WARN_OBJC_IMPLICIT_RETAIN_SELF = YES;
				CLANG_WARN_OBJC_LITERAL_CONVERSION = YES;
				CLANG_WARN_OBJC_ROOT_CLASS = YES_ERROR;
				CLANG_WARN_QUOTED_INCLUDE_IN_FRAMEWORK_HEADER = YES;
				CLANG_WARN_RANGE_LOOP_ANALYSIS = YES;
				CLANG_WARN_STRICT_PROTOTYPES = YES;
				CLANG_WARN_SUSPICIOUS_MOVE = YES;
				CLANG_WARN_UNGUARDED_AVAILABILITY = YES_AGGRESSIVE;
				CLANG_WARN_UNREACHABLE_CODE = YES;
				CLANG_WARN__DUPLICATE_METHOD_MATCH = YES;
				COPY_PHASE_STRIP = NO;
				DEBUG_INFORMATION_FORMAT = "dwarf-with-dsym";
				ENABLE_NS_ASSERTIONS = NO;
				ENABLE_STRICT_OBJC_MSGSEND = YES;
				GCC_C_LANGUAGE_STANDARD = gnu11;
				GCC_NO_COMMON_BLOCKS = YES;
				GCC_WARN_64_TO_32_BIT_CONVERSION = YES;
				GCC_WARN_ABOUT_RETURN_TYPE = YES_ERROR;
				GCC_WARN_UNDECLARED_SELECTOR = YES;
				GCC_WARN_UNINITIALIZED_AUTOS = YES_AGGRESSIVE;
				GCC_WARN_UNUSED_FUNCTION = YES;
				GCC_WARN_UNUSED_VARIABLE = YES;
				IPHONEOS_DEPLOYMENT_TARGET = 13.0;
				MTL_ENABLE_DEBUG_INFO = NO;
				MTL_FAST_MATH = YES;
				SDKROOT = iphoneos;
				SWIFT_COMPILATION_MODE = wholemodule;
				SWIFT_OPTIMIZATION_LEVEL = "-O";
				VALIDATE_PRODUCT = YES;
			};
			name = Release;
		};
		61C3ACAF2551461F000CED80 /* Debug */ = {
			isa = XCBuildConfiguration;
			baseConfigurationReference = 461279B36028DD6A7824FEDA /* Pods-EGNSS4ALL.debug.xcconfig */;
			buildSettings = {
				ASSETCATALOG_COMPILER_APPICON_NAME = AppIcon;
				ASSETCATALOG_COMPILER_GLOBAL_ACCENT_COLOR_NAME = AccentColor;
				CODE_SIGN_IDENTITY = "Apple Development";
				CODE_SIGN_STYLE = Automatic;
				CURRENT_PROJECT_VERSION = 28;
				DEVELOPMENT_TEAM = FP2Y2BZASX;
				INFOPLIST_FILE = "$(SRCROOT)/EGNSS4ALL/Info.plist";
				IPHONEOS_DEPLOYMENT_TARGET = 13.0;
				LD_RUNPATH_SEARCH_PATHS = (
					"$(inherited)",
					"@executable_path/Frameworks",
				);
				MARKETING_VERSION = 1.41;
				PRODUCT_BUNDLE_IDENTIFIER = com.erasmicoin.euspa.egnss4all;
				PRODUCT_NAME = "$(TARGET_NAME)";
				PROVISIONING_PROFILE_SPECIFIER = "";
				SUPPORTED_PLATFORMS = "iphoneos iphonesimulator";
				SUPPORTS_MACCATALYST = NO;
				SUPPORTS_MAC_DESIGNED_FOR_IPHONE_IPAD = NO;
				SWIFT_VERSION = 5.0;
				TARGETED_DEVICE_FAMILY = "1,2";
			};
			name = Debug;
		};
		61C3ACB02551461F000CED80 /* Release */ = {
			isa = XCBuildConfiguration;
			baseConfigurationReference = 0E967314A56C904F1C43FA13 /* Pods-EGNSS4ALL.release.xcconfig */;
			buildSettings = {
				ASSETCATALOG_COMPILER_APPICON_NAME = AppIcon;
				ASSETCATALOG_COMPILER_GLOBAL_ACCENT_COLOR_NAME = AccentColor;
				CODE_SIGN_IDENTITY = "Apple Development";
				CODE_SIGN_STYLE = Automatic;
				CURRENT_PROJECT_VERSION = 28;
				DEVELOPMENT_TEAM = FP2Y2BZASX;
				INFOPLIST_FILE = "$(SRCROOT)/EGNSS4ALL/Info.plist";
				IPHONEOS_DEPLOYMENT_TARGET = 13.0;
				LD_RUNPATH_SEARCH_PATHS = (
					"$(inherited)",
					"@executable_path/Frameworks",
				);
				MARKETING_VERSION = 1.41;
				PRODUCT_BUNDLE_IDENTIFIER = com.erasmicoin.euspa.egnss4all;
				PRODUCT_NAME = "$(TARGET_NAME)";
				PROVISIONING_PROFILE_SPECIFIER = "";
				SUPPORTED_PLATFORMS = "iphoneos iphonesimulator";
				SUPPORTS_MACCATALYST = NO;
				SUPPORTS_MAC_DESIGNED_FOR_IPHONE_IPAD = NO;
				SWIFT_VERSION = 5.0;
				TARGETED_DEVICE_FAMILY = "1,2";
			};
			name = Release;
		};
/* End XCBuildConfiguration section */

/* Begin XCConfigurationList section */
		61C3AC952551461F000CED80 /* Build configuration list for PBXProject "EGNSS4ALL" */ = {
			isa = XCConfigurationList;
			buildConfigurations = (
				61C3ACAC2551461F000CED80 /* Debug */,
				61C3ACAD2551461F000CED80 /* Release */,
			);
			defaultConfigurationIsVisible = 0;
			defaultConfigurationName = Release;
		};
		61C3ACAE2551461F000CED80 /* Build configuration list for PBXNativeTarget "EGNSS4ALL" */ = {
			isa = XCConfigurationList;
			buildConfigurations = (
				61C3ACAF2551461F000CED80 /* Debug */,
				61C3ACB02551461F000CED80 /* Release */,
			);
			defaultConfigurationIsVisible = 0;
			defaultConfigurationName = Release;
		};
/* End XCConfigurationList section */

/* Begin XCVersionGroup section */
		613A5E56255537DE007D82E5 /* PhotoModel.xcdatamodeld */ = {
			isa = XCVersionGroup;
			children = (
				613A5E57255537DE007D82E5 /* PhotoModel.xcdatamodel */,
			);
			currentVersion = 613A5E57255537DE007D82E5 /* PhotoModel.xcdatamodel */;
			path = PhotoModel.xcdatamodeld;
			sourceTree = "<group>";
			versionGroupType = wrapper.xcdatamodel;
		};
/* End XCVersionGroup section */
	};
	rootObject = 61C3AC922551461F000CED80 /* Project object */;
}
